--- 
hash: 8856e2d51eb4f3c9006fefac49e971afddd0c65e
sources: 
- Rubygems: 
    uri: http://gemcutter.org
specs: 
- rake: 
    version: 0.8.7
- activesupport: 
    version: 3.0.0.beta4
- addressable: 
    version: 2.1.2
- bundler: 
    version: 0.9.26
- configliere: 
    version: 0.0.9
- daemons: 
    version: 1.1.0
- eventmachine: 
    version: 0.12.10
- em-websocket: 
    version: 0.1.2
- json_pure: 
    version: 1.4.3
- rubyforge: 
    version: 2.0.4
- hoe: 
    version: 2.6.1
- erector: 
    version: 0.7.2
- i18n: 
    version: 0.4.1
- neverblock: 
    version: 0.1.6.2
- require_all: 
    version: 1.1.0
- rack: 
    version: 1.2.1
- sinatra: 
    version: "1.0"
- thin: 
    version: 1.2.7
- tzinfo: 
    version: 0.3.22
- macaddr: 
    version: 1.0.0
- uuid: 
    version: 2.3.1
- isy: 
    version: 0.0.0
dependencies: 
  isy: 
    version: ">= 0.0.0"
    group: 
    - :default
